
Microsoft Visual Studio Solution File, Format Version 12.00
# Visual Studio Version 18
VisualStudioVersion = 18.3.11505.172 d18.3
MinimumVisualStudioVersion = 10.0.40219.1
Project("{FAE04EC0-301F-11D3-BF4B-00C04F79EFBC}") = "Messenger", "Messenger\Messenger.csproj", "{5F337691-D4AC-4B34-9F79-11A9F6248C90}"
EndProject
Project("{FAE04EC0-301F-11D3-BF4B-00C04F79EFBC}") = "Telegram", "Telegram\Telegram.csproj", "{CC227B27-3622-47C5-93A3-AFB209A95417}"
EndProject
Project("{FAE04EC0-301F-11D3-BF4B-00C04F79EFBC}") = "Mega", "Mega\Mega.csproj", "{66BF892C-7976-4B6A-A891-099AD4C1FA69}"
EndProject
Project("{FAE04EC0-301F-11D3-BF4B-00C04F79EFBC}") = "Mushroom", "Mushroom\Mushroom.csproj", "{3925D3C5-A89B-4756-896A-A60DC78588EC}"
EndProject
Project("{FAE04EC0-301F-11D3-BF4B-00C04F79EFBC}") = "Google Chat", "Google Chat\Google Chat.csproj", "{B3C439F3-C34C-468A-B24D-C0F3CB88A7AD}"
EndProject
Project("{FAE04EC0-301F-11D3-BF4B-00C04F79EFBC}") = "Google Mail", "Google Mail\Google Mail.csproj", "{641B96CD-0D46-4DC0-ABD4-B18E06269DF1}"
EndProject
Project("{FAE04EC0-301F-11D3-BF4B-00C04F79EFBC}") = "Techpos", "Techpos\Techpos.csproj", "{3DE697BE-FE00-4C3C-916B-49547C630BF5}"
EndProject
Global
	GlobalSection(SolutionConfigurationPlatforms) = preSolution
		Debug|Any CPU = Debug|Any CPU
		Release|Any CPU = Release|Any CPU
	EndGlobalSection
	GlobalSection(ProjectConfigurationPlatforms) = postSolution
		{5F337691-D4AC-4B34-9F79-11A9F6248C90}.Debug|Any CPU.ActiveCfg = Debug|Any CPU
		{5F337691-D4AC-4B34-9F79-11A9F6248C90}.Debug|Any CPU.Build.0 = Debug|Any CPU
		{5F337691-D4AC-4B34-9F79-11A9F6248C90}.Release|Any CPU.ActiveCfg = Release|Any CPU
		{5F337691-D4AC-4B34-9F79-11A9F6248C90}.Release|Any CPU.Build.0 = Release|Any CPU
		{CC227B27-3622-47C5-93A3-AFB209A95417}.Debug|Any CPU.ActiveCfg = Debug|Any CPU
		{CC227B27-3622-47C5-93A3-AFB209A95417}.Debug|Any CPU.Build.0 = Debug|Any CPU
		{CC227B27-3622-47C5-93A3-AFB209A95417}.Release|Any CPU.ActiveCfg = Release|Any CPU
		{CC227B27-3622-47C5-93A3-AFB209A95417}.Release|Any CPU.Build.0 = Release|Any CPU
		{66BF892C-7976-4B6A-A891-099AD4C1FA69}.Debug|Any CPU.ActiveCfg = Debug|Any CPU
		{66BF892C-7976-4B6A-A891-099AD4C1FA69}.Debug|Any CPU.Build.0 = Debug|Any CPU
		{66BF892C-7976-4B6A-A891-099AD4C1FA69}.Release|Any CPU.ActiveCfg = Release|Any CPU
		{66BF892C-7976-4B6A-A891-099AD4C1FA69}.Release|Any CPU.Build.0 = Release|Any CPU
		{3925D3C5-A89B-4756-896A-A60DC78588EC}.Debug|Any CPU.ActiveCfg = Debug|Any CPU
		{3925D3C5-A89B-4756-896A-A60DC78588EC}.Debug|Any CPU.Build.0 = Debug|Any CPU
		{3925D3C5-A89B-4756-896A-A60DC78588EC}.Release|Any CPU.ActiveCfg = Release|Any CPU
		{3925D3C5-A89B-4756-896A-A60DC78588EC}.Release|Any CPU.Build.0 = Release|Any CPU
		{B3C439F3-C34C-468A-B24D-C0F3CB88A7AD}.Debug|Any CPU.ActiveCfg = Debug|Any CPU
		{B3C439F3-C34C-468A-B24D-C0F3CB88A7AD}.Debug|Any CPU.Build.0 = Debug|Any CPU
		{B3C439F3-C34C-468A-B24D-C0F3CB88A7AD}.Release|Any CPU.ActiveCfg = Release|Any CPU
		{B3C439F3-C34C-468A-B24D-C0F3CB88A7AD}.Release|Any CPU.Build.0 = Release|Any CPU
		{641B96CD-0D46-4DC0-ABD4-B18E06269DF1}.Debug|Any CPU.ActiveCfg = Debug|Any CPU
		{641B96CD-0D46-4DC0-ABD4-B18E06269DF1}.Debug|Any CPU.Build.0 = Debug|Any CPU
		{641B96CD-0D46-4DC0-ABD4-B18E06269DF1}.Release|Any CPU.ActiveCfg = Release|Any CPU
		{641B96CD-0D46-4DC0-ABD4-B18E06269DF1}.Release|Any CPU.Build.0 = Release|Any CPU
		{3DE697BE-FE00-4C3C-916B-49547C630BF5}.Debug|Any CPU.ActiveCfg = Debug|Any CPU
		{3DE697BE-FE00-4C3C-916B-49547C630BF5}.Debug|Any CPU.Build.0 = Debug|Any CPU
		{3DE697BE-FE00-4C3C-916B-49547C630BF5}.Release|Any CPU.ActiveCfg = Release|Any CPU
		{3DE697BE-FE00-4C3C-916B-49547C630BF5}.Release|Any CPU.Build.0 = Release|Any CPU
	EndGlobalSection
	GlobalSection(SolutionProperties) = preSolution
		HideSolutionNode = FALSE
	EndGlobalSection
	GlobalSection(ExtensibilityGlobals) = postSolution
		SolutionGuid = {C5224C0A-3481-4CB2-9CC2-3BA34DA4B98F}
	EndGlobalSection
EndGlobal
